# This file is automatically @generated by Poetry 2.2.1 and should not be changed by hand.

[[package]]
name = "bottle"
version = "0.13.4"
description = "Fast and simple WSGI-framework for small web-applications."
optional = false
python-versions = "*"
groups = ["main"]
files = [
    {file = "bottle-0.13.4-py2.py3-none-any.whl", hash = "sha256:045684fbd2764eac9cdeb824861d1551d113e8b683d8d26e296898d3dd99a12e"},
    {file = "bottle-0.13.4.tar.gz", hash = "sha256:787e78327e12b227938de02248333d788cfe45987edca735f8f88e03472c3f47"},
]

[[package]]
name = "packaging"
version = "26.3"
description = "Core utilities for Python packages"
optional = false
python-versions = ">=3.9"
groups = ["main"]
markers = "sys_platform == \"openbsd6\""
files = [
    {file = "packaging-26.3-py3-none-any.whl", hash = "sha256:d7193f7c8e4e93f444fde0262bf90af30e16fa0ad0ad44cb553c87339b23cd1c"},
    {file = "packaging-26.3.tar.gz", hash = "sha256:94edc256424af38762eb31306eed28beb9f0efc50a8837492c9d6fd6004aed79"},
]

[[package]]
name = "proxy-tools"
version = "0.1.0"
description = "Proxy Implementation"
optional = false
python-versions = "*"
groups = ["main"]
files = [
    {file = "proxy_tools-0.1.0.tar.gz", hash = "sha256:ccb3751f529c047e2d8a58440d86b205303cf0fe8146f784d1cbcd94f0a28010"},
]

[[package]]
name = "pycparser"
version = "3.0"
description = "C parser in Python"
optional = false
python-versions = ">=3.10"
groups = ["main"]
markers = "sys_platform == \"win32\""
files = [
    {file = "pycparser-3.0-py3-none-any.whl", hash = "sha256:b727414169a36b7d524c1c3e31839a521725078d7b2ff038656844266160a992"},
    {file = "pycparser-3.0.tar.gz", hash = "sha256:600f49d217304a5902ac3c37e1281c9fe94e4d0489de643a9504c5cdfdfc6b29"},
]

[[package]]
name = "pyobjc-core"
version = "12.2.2"
description = "Python<->ObjC Interoperability Module"
optional = false
python-versions = ">=3.10"
groups = ["main"]
markers = "sys_platform == \"darwin\""
files = [
    {file = "pyobjc_core-12.2.2-cp310-cp310-macosx_10_9_universal2.whl", hash = "sha256:56c6c39f1de059fcbb174ebca5525505fc8feaa89be2a28c329bf09b6b25ee75"},
    {file = "pyobjc_core-12.2.2-cp311-cp311-macosx_10_9_universal2.whl", hash = "sha256:b9cdd686e32db8e451feb19f8a85bc4cd52c2893103881d04aca51e1f35371d1"},
    {file = "pyobjc_core-12.2.2-cp312-cp312-macosx_10_13_universal2.whl", hash = "sha256:122e6ad302a2abf5d4d4adb0156db751600ddf2768441696cba17b31323085e7"},
    {file = "pyobjc_core-12.2.2-cp313-cp313-macosx_10_13_universal2.whl", hash = "sha256:950bd2d9c74634398c4e3d24ef2f213d4e23d705083697464fa67afedc53c1ad"},
    {file = "pyobjc_core-12.2.2-cp313-cp313t-macosx_10_13_universal2.whl", hash = "sha256:3772b406edb3ff78171530a17cda1c4a7817f87b87ded0d8715b3fa664df16db"},
    {file = "pyobjc_core-12.2.2-cp314-cp314-macosx_10_15_universal2.whl", hash = "sha256:2062e8ad30a310441cd022544a897553408bebeaa7820d5edba3c96fd7fd693b"},
    {file = "pyobjc_core-12.2.2-cp314-cp314t-macosx_10_15_universal2.whl", hash = "sha256:2c7ef3d2f865b4b3ebb14ec3556f7a3e8abb6d130c67275cd9daa08dbd6e4e4e"},
    {file = "pyobjc_core-12.2.2-cp315-cp315-macosx_10_15_universal2.whl", hash = "sha256:89acc6bc13aaa6e3f52b0ce652ede7e201edb6bf062741b246b0c5a44582f25f"},
    {file = "pyobjc_core-12.2.2-cp315-cp315t-macosx_10_15_universal2.whl", hash = "sha256:59a77038ebe0ab1240f61c341e7fb67b8674f2b4cd41bc71a6472511a12b50f7"},
    {file = "pyobjc_core-12.2.2.tar.gz", hash = "sha256:3906452339cd06a3bb07df103c2511d4cb0f7a22d8771c0b802eba15d9a642b6"},
]

[[package]]
name = "pyobjc-framework-cocoa"
version = "12.2.2"
description = "Wrappers for the Cocoa frameworks on macOS"
optional = false
python-versions = ">=3.10"
groups = ["main"]
markers = "sys_platform == \"darwin\""
files = [
    {file = "pyobjc_framework_cocoa-12.2.2-cp310-cp310-macosx_10_9_universal2.whl", hash = "sha256:5a751c8033a3b51f7996f0327e0675eb44dcfdfe7920fae01e3d78b662723fff"},
    {file = "pyobjc_framework_cocoa-12.2.2-cp311-cp311-macosx_10_9_universal2.whl", hash = "sha256:851dca4c16e70b405e5cd5a8c166cf7c445ae54a4cdd95ce9a523803172f32d1"},
    {file = "pyobjc_framework_cocoa-12.2.2-cp312-cp312-macosx_10_13_universal2.whl", hash = "sha256:e106f395531e67694376b0f1184612cbeea3ec8b9bf56b55ef41d026171d2a2d"},
    {file = "pyobjc_framework_cocoa-12.2.2-cp313-cp313-macosx_10_13_universal2.whl", hash = "sha256:600b1723184ca094931330e79355274949965460e23de38628d601b5a967baf9"},
    {file = "pyobjc_framework_cocoa-12.2.2-cp313-cp313t-macosx_10_13_universal2.whl", hash = "sha256:875f2aad73963faa81a6b36ae674fd494a4658d6d999e1075e0e2aca3d2391df"},
    {file = "pyobjc_framework_cocoa-12.2.2-cp314-cp314-macosx_10_15_universal2.whl", hash = "sha256:889d7bbd4ba2d4941078bfbbfb882138e51dbead27df006abfe0f2e0d49b5b2e"},
    {file = "pyobjc_framework_cocoa-12.2.2-cp314-cp314t-macosx_10_15_universal2.whl", hash = "sha256:de69c5933750f3a4599ed962eccd92b6a71914c7e4318dacc7895738a8ae60d7"},
    {file = "pyobjc_framework_cocoa-12.2.2-cp315-cp315-macosx_10_15_universal2.whl", hash = "sha256:0e8ace0d44a00d281281a723d17fcd05eea7544a38a6a512e1fd018ddb7aece2"},
    {file = "pyobjc_framework_cocoa-12.2.2-cp315-cp315t-macosx_10_15_universal2.whl", hash = "sha256:8fe5b2e79c9530f667b4e58a87a3a15ea62f86a5d19eec405517ecbd4f454868"},
    {file = "pyobjc_framework_cocoa-12.2.2.tar.gz", hash = "sha256:c96c0ef69a71afbbb0e6a7d594b455c5fe47d62e0db376ee7a2b4b828c16ace9"},
]

[package.dependencies]
pyobjc-core = ">=12.2.2"

[[package]]
name = "pyobjc-framework-quartz"
version = "12.2.2"
description = "Wrappers for the Quartz frameworks on macOS"
optional = false
python-versions = ">=3.10"
groups = ["main"]
markers = "sys_platform == \"darwin\""
files = [
    {file = "pyobjc_framework_quartz-12.2.2-cp310-cp310-macosx_10_9_universal2.whl", hash = "sha256:d89a5f47c079b5c340d2b1cbb83eb6c4c92d4bb17cd4daf7d8c02c91a49f5399"},
    {file = "pyobjc_framework_quartz-12.2.2-cp311-cp311-macosx_10_9_universal2.whl", hash = "sha256:4b01e325b0cdc121e78730dde9756e971b23069bf141cd62efbcaac76d7b6dbb"},
    {file = "pyobjc_framework_quartz-12.2.2-cp312-cp312-macosx_10_13_universal2.whl", hash = "sha256:7f668979d0c7320bf8f7ed6e030da578f93ab0f5dd619b295ec735cd8d5faa34"},
    {file = "pyobjc_framework_quartz-12.2.2-cp313-cp313-macosx_10_13_universal2.whl", hash = "sha256:0ec9751904ef975bf0789d760dc4fadcb400edc4ffe4a736eb54971968babe5c"},
    {file = "pyobjc_framework_quartz-12.2.2-cp313-cp313t-macosx_10_13_universal2.whl", hash = "sha256:63f6f0f3233dcf650aac1374781e78961b0b17b33e3351953bacf8bd0c430593"},
    {file = "pyobjc_framework_quartz-12.2.2-cp314-cp314-macosx_10_15_universal2.whl", hash = "sha256:1f7f3d9010e38f03ea1fa266664c10ea349cd7492bd603b403584f49d713dbed"},
    {file = "pyobjc_framework_quartz-12.2.2-cp314-cp314t-macosx_10_15_universal2.whl", hash = "sha256:ebf8167ca2096cf3a05199decfa517be0df4c56048f49cf132bd6b1a6ab9c086"},
    {file = "pyobjc_framework_quartz-12.2.2-cp315-cp315-macosx_10_15_universal2.whl", hash = "sha256:cee63b891c2b6b7ccf98f233175411529f3e80286f58438793b3634af79858f1"},
    {file = "pyobjc_framework_quartz-12.2.2-cp315-cp315t-macosx_10_15_universal2.whl", hash = "sha256:8f58c589b5a76ba98f186b1f3b19fb1c8b730e82351f81fb62e6194f64a71622"},
    {file = "pyobjc_framework_quartz-12.2.2.tar.gz", hash = "sha256:810f97b210cfd93704d240860286dfd6df09f9f1c52525fc5c2166723aea3f9e"},
]

[package.dependencies]
pyobjc-core = ">=12.2.2"
pyobjc-framework-Cocoa = ">=12.2.2"

[[package]]
name = "pyobjc-framework-security"
version = "12.2.2"
description = "Wrappers for the framework Security on macOS"
optional = false
python-versions = ">=3.10"
groups = ["main"]
markers = "sys_platform == \"darwin\""
files = [
    {file = "pyobjc_framework_security-12.2.2-cp310-cp310-macosx_10_9_universal2.whl", hash = "sha256:4cc2e7352f4ca67a43bcf65587a024fdafdea5f5fcae7264b896e39cd68d5718"},
    {file = "pyobjc_framework_security-12.2.2-cp311-cp311-macosx_10_9_universal2.whl", hash = "sha256:a78b6945d4681e319e03757c8039ac4014833ede1d883aa793a286f48fa93bb7"},
    {file = "pyobjc_framework_security-12.2.2-cp312-cp312-macosx_10_13_universal2.whl", hash = "sha256:266f41995f2fc80660c8451bdb199a7e259a6cad02fbc1e0e2f69dd5576e2203"},
    {file = "pyobjc_framework_security-12.2.2-cp313-cp313-macosx_10_13_universal2.whl", hash = "sha256:ca580d5f56e1222d63f1322a4fbf63be0bad77e77cca084290310df007b3fdde"},
    {file = "pyobjc_framework_security-12.2.2-cp313-cp313t-macosx_10_13_universal2.whl", hash = "sha256:67655616bd0b9e05bd6a18fa353c5a7bc1743f79f1774644dbb180a2c62bf65b"},
    {file = "pyobjc_framework_security-12.2.2-cp314-cp314-macosx_10_15_universal2.whl", hash = "sha256:c4726b41c96a611fa13880bcfcb38a32ac9256239adb5b48d559dc4d0c9d0b99"},
    {file = "pyobjc_framework_security-12.2.2-cp314-cp314t-macosx_10_15_universal2.whl", hash = "sha256:54b9b7a03f2e4a7e1ac182239d63cb94bc3628293f39637c17d3ececd495a619"},
    {file = "pyobjc_framework_security-12.2.2-cp315-cp315-macosx_10_15_universal2.whl", hash = "sha256:786da49c319318bb4cf168755d4a9324a6b3720a3dd7503990249c2a27b661ee"},
    {file = "pyobjc_framework_security-12.2.2-cp315-cp315t-macosx_10_15_universal2.whl", hash = "sha256:f5afda32efbfdef150e921563b94a799ea104e575f4a95b8c5cd71a2322413a8"},
    {file = "pyobjc_framework_security-12.2.2.tar.gz", hash = "sha256:33efab1ff7d18570148f8f3ddd44eca305f733aee00b9115d5263bef81018f65"},
]

[package.dependencies]
pyobjc-core = ">=12.2.2"
pyobjc-framework-Cocoa = ">=12.2.2"

[[package]]
name = "pyobjc-framework-uniformtypeidentifiers"
version = "12.2.2"
description = "Wrappers for the framework UniformTypeIdentifiers on macOS"
optional = false
python-versions = ">=3.10"
groups = ["main"]
markers = "sys_platform == \"darwin\""
files = [
    {file = "pyobjc_framework_uniformtypeidentifiers-12.2.2-py2.py3-none-any.whl", hash = "sha256:1dc6a538df07c410e4bfd6457adcb0b663a5e0df331905dbe135bcfd3f89ae57"},
    {file = "pyobjc_framework_uniformtypeidentifiers-12.2.2.tar.gz", hash = "sha256:12f8ba77dcc949ffb9f0f48743cae326aebec8e69cb1ac55a1d1e04dca7bd59a"},
]

[package.dependencies]
pyobjc-core = ">=12.2.2"
pyobjc-framework-Cocoa = ">=12.2.2"

[[package]]
name = "pyobjc-framework-webkit"
version = "12.2.2"
description = "Wrappers for the framework WebKit on macOS"
optional = false
python-versions = ">=3.10"
groups = ["main"]
markers = "sys_platform == \"darwin\""
files = [
    {file = "pyobjc_framework_webkit-12.2.2-cp310-cp310-macosx_10_9_universal2.whl", hash = "sha256:e4e5bba0529e791b2f249e4c1e93331cc78741577dd7bf2d4a207ecf50d20b86"},
    {file = "pyobjc_framework_webkit-12.2.2-cp311-cp311-macosx_10_9_universal2.whl", hash = "sha256:cf683310d9ea01bcc9e5d6b59c6cead25d2a5453f58cc2e18f41b82b1fef1d26"},
    {file = "pyobjc_framework_webkit-12.2.2-cp312-cp312-macosx_10_13_universal2.whl", hash = "sha256:ef37692f0280151bf8164a718e334a9b3cb0abfc5455be14172280de7e277505"},
    {file = "pyobjc_framework_webkit-12.2.2-cp313-cp313-macosx_10_13_universal2.whl", hash = "sha256:206f88451e1c3e152c72c16c2af2664646cd752a3007c9cda8029a9e3f0ec9a4"},
    {file = "pyobjc_framework_webkit-12.2.2-cp313-cp313t-macosx_10_13_universal2.whl", hash = "sha256:36bea435489daa20ead1390d6bf0b98659beac0fc5a281e502acc5da334ec9eb"},
    {file = "pyobjc_framework_webkit-12.2.2-cp314-cp314-macosx_10_15_universal2.whl", hash = "sha256:83a5c250125ecaaf680a405cf435a038e4b168d0305ba7ad14398d810a49cf87"},
    {file = "pyobjc_framework_webkit-12.2.2-cp314-cp314t-macosx_10_15_universal2.whl", hash = "sha256:147f0f18c0ddd70a1d05f88cf42a89b423b191957db6faf508cbbdb33092864c"},
    {file = "pyobjc_framework_webkit-12.2.2-cp315-cp315-macosx_10_15_universal2.whl", hash = "sha256:0be3ed885100dd38c6b927c9a25a63f22fd624bc4c6bb3d3af14fab5dcdcfc97"},
    {file = "pyobjc_framework_webkit-12.2.2-cp315-cp315t-macosx_10_15_universal2.whl", hash = "sha256:88c896d89764675af1ef85c6bda8740e50451e31bcd1d1d2ef59323acc9916ed"},
    {file = "pyobjc_framework_webkit-12.2.2.tar.gz", hash = "sha256:e5588df2a73b377b59a994cc2a78b467e4341f4e4d28b52e8671e21a2811d3c1"},
]

[package.dependencies]
pyobjc-core = ">=12.2.2"
pyobjc-framework-Cocoa = ">=12.2.2"

[[package]]
name = "pythonnet"
version = "2.5.2"
description = ".Net and Mono integration for Python"
optional = false
python-versions = "*"
groups = ["main"]
markers = "sys_platform == \"win32\""
files = [
    {file = "pythonnet-2.5.2-cp27-cp27m-win32.whl", hash = "sha256:d519bbc7b1cd3999651efc594d91cb67c46d1d8466dad3d83b578102e58d05bd"},
    {file = "pythonnet-2.5.2-cp27-cp27m-win_amd64.whl", hash = "sha256:c02f53d0e61b202cddf3198fac9553d5b4ee0ea0cc4fe658c2ed69ab24def276"},
    {file = "pythonnet-2.5.2-cp35-cp35m-win32.whl", hash = "sha256:840bdef89b378663d73f74f18895b6d8630d1f5671457a1db5ffb68179d85582"},
    {file = "pythonnet-2.5.2-cp35-cp35m-win_amd64.whl", hash = "sha256:d8e5b27de1e2cfb69b88782ac5cdf605b1a73598a85d86570e46961126628dbb"},
    {file = "pythonnet-2.5.2-cp36-cp36m-win32.whl", hash = "sha256:62645c29840c4a877d66e047f3e065b2e5a1a66431a99bce8d42a5af3a093ee1"},
    {file = "pythonnet-2.5.2-cp36-cp36m-win_amd64.whl", hash = "sha256:058e536062d1585d07ec5f2cf16aefcfc8eb8179faa90e5db0063d358469d025"},
    {file = "pythonnet-2.5.2-cp37-cp37m-win32.whl", hash = "sha256:cc77fc63e2afb0a80199ab44ced4fdfb78c19d8030063c345c80740d15380dd9"},
    {file = "pythonnet-2.5.2-cp37-cp37m-win_amd64.whl", hash = "sha256:80c8f5c9bd10440a73eb6aedbbacb2f3dd7701b474816f5ef7636f529d838d38"},
    {file = "pythonnet-2.5.2-cp38-cp38-win32.whl", hash = "sha256:41a607b7304e9efc6d4d8db438d6018a17c6637e8b8998848ff5c2a7a1b4687c"},
    {file = "pythonnet-2.5.2-cp38-cp38-win_amd64.whl", hash = "sha256:00a4fed9fc05b4efbe8947c79dc0799cffbca4c89e3e068e70b6618f20c906f2"},
    {file = "pythonnet-2.5.2.tar.gz", hash = "sha256:b7287480a1f6ae4b6fc80d775446d8af00e051ca1646b6cc3d32c5d3a461ede3"},
]

[package.dependencies]
pycparser = "*"

[[package]]
name = "pywebview"
version = "6.2.1"
description = "Build GUI for your Python program with JavaScript, HTML, and CSS"
optional = false
python-versions = ">=3.8"
groups = ["main"]
files = [
    {file = "pywebview-6.2.1-py3-none-any.whl", hash = "sha256:9d07275f53894ab4d5e2e0e996227193e7187dec276d9b624dccbce029216b46"},
    {file = "pywebview-6.2.1.tar.gz", hash = "sha256:71b7136752e40824655304d938efb62014218d1a90bd8e87e1cbdb1ce9c466af"},
]

[package.dependencies]
bottle = "*"
proxy_tools = "*"
pyobjc-core = {version = ">=9.0", markers = "sys_platform == \"darwin\""}
pyobjc-framework-Cocoa = {version = ">=9.0", markers = "sys_platform == \"darwin\""}
pyobjc-framework-Quartz = {version = ">=9.0", markers = "sys_platform == \"darwin\""}
pyobjc-framework-security = {version = ">=9.0", markers = "sys_platform == \"darwin\""}
pyobjc-framework-UniformTypeIdentifiers = {version = ">=9.0", markers = "sys_platform == \"darwin\""}
pyobjc-framework-WebKit = {version = ">=9.0", markers = "sys_platform == \"darwin\""}
pythonnet = {version = "*", markers = "sys_platform == \"win32\""}
QtPy = {version = "*", markers = "sys_platform == \"openbsd6\""}
typing_extensions = "*"

[package.extras]
android = ["jnius"]
cef = ["cefpython3"]
dev = ["build", "pre-commit", "pytest", "ruff", "twine"]
gtk = ["PyGObject (==3.50.0)", "PyGObject-stubs"]
pyside2 = ["PySide2", "QtPy"]
pyside6 = ["PySide6", "QtPy"]
qt = ["PyQt6", "PyQt6-WebEngine", "QtPy"]
qt5 = ["PyQt5", "QtPy", "pyqtwebengine"]
qt6 = ["PyQt6", "PyQt6-WebEngine", "QtPy"]
ssl = ["cryptography"]

[[package]]
name = "qtpy"
version = "2.4.3"
description = "Provides an abstraction layer on top of the various Qt bindings (PyQt5/6 and PySide2/6)."
optional = false
python-versions = ">=3.7"
groups = ["main"]
markers = "sys_platform == \"openbsd6\""
files = [
    {file = "QtPy-2.4.3-py3-none-any.whl", hash = "sha256:72095afe13673e017946cc258b8d5da43314197b741ed2890e563cf384b51aa1"},
    {file = "qtpy-2.4.3.tar.gz", hash = "sha256:db744f7832e6d3da90568ba6ccbca3ee2b3b4a890c3d6fbbc63142f6e4cdf5bb"},
]

[package.dependencies]
packaging = "*"

[package.extras]
test = ["pytest (>=6,!=7.0.0,!=7.0.1)", "pytest-cov (>=3.0.0)", "pytest-qt"]

[[package]]
name = "typing-extensions"
version = "4.16.0"
description = "Backported and Experimental Type Hints for Python 3.9+"
optional = false
python-versions = ">=3.9"
groups = ["main"]
files = [
    {file = "typing_extensions-4.16.0-py3-none-any.whl", hash = "sha256:481caa481374e813c1b176ada14e97f1f67a4539ce9cfeb3f350d78d6370c2e8"},
    {file = "typing_extensions-4.16.0.tar.gz", hash = "sha256:dc983d19a509c94dba722ee6abd33940f7c05a89e243c47e907eb4db6f1a43e5"},
]

[metadata]
lock-version = "2.1"
python-versions = ">=3.14"
content-hash = "263cfada6f4c2914fffe3e2deb084ec613ef36d11d2e57ea0cd3abe4c22357a2"
